github.com/joho/godotenv v1.3.0 h1:Zjp+RcGpHhGlrMbJzXTrZZPrWj+1vfm90La1wgB6Bhc=
github.com/joho/godotenv v1.3.0/go.mod h1:7hK45KPybAkOC6peb+G5yklZfMxEjkZhHbwpqxOKXbg=
github.com/mailjet/mailjet-apiv3-go/v3 v3.0.0 h1:kDosIkes1hg1HkJ07Ws+T02UAT0PWgxtYnl7gVb3670=
github.com/mailjet/mailjet-apiv3-go/v3 v3.0.0/go.mod h1:Nw3mVzRxV0CVDTlzaRcADGKt4PMNbT7gYIyEtjMrVIM=
